
Microsoft Visual Studio Solution File, Format Version 12.00
# Visual Studio Version 16
VisualStudioVersion = 16.0.30709.132
MinimumVisualStudioVersion = 10.0.40219.1
Project("{FAE04EC0-301F-11D3-BF4B-00C04F79EFBC}") = "DotNet5AsyncTaskWhenAllWhenAny", "DotNet5AsyncTaskWhenAllWhenAny\DotNet5AsyncTaskWhenAllWhenAny.csproj", "{E750F5A6-AE9F-489D-87CE-0479F3C103AC}"
EndProject
Global
	GlobalSection(SolutionConfigurationPlatforms) = preSolution
		Debug|Any CPU = Debug|Any CPU
		Release|Any CPU = Release|Any CPU
	EndGlobalSection
	GlobalSection(ProjectConfigurationPlatforms) = postSolution
		{E750F5A6-AE9F-489D-87CE-0479F3C103AC}.Debug|Any CPU.ActiveCfg = Debug|Any CPU
		{E750F5A6-AE9F-489D-87CE-0479F3C103AC}.Debug|Any CPU.Build.0 = Debug|Any CPU
		{E750F5A6-AE9F-489D-87CE-0479F3C103AC}.Release|Any CPU.ActiveCfg = Release|Any CPU
		{E750F5A6-AE9F-489D-87CE-0479F3C103AC}.Release|Any CPU.Build.0 = Release|Any CPU
	EndGlobalSection
	GlobalSection(SolutionProperties) = preSolution
		HideSolutionNode = FALSE
	EndGlobalSection
	GlobalSection(ExtensibilityGlobals) = postSolution
		SolutionGuid = {06A2BCFE-55C2-42A4-9F42-E0F9A02BEAD6}
	EndGlobalSection
EndGlobal
